// !$*UTF8*$!
{
	archiveVersion = 1;
	classes = {
	};
	objectVersion = 77;
	objects = {

/* Begin PBXContainerItemProxy section */
		04CB327F2DDC8460008CD37D /* PBXContainerItemProxy */ = {
			isa = PBXContainerItemProxy;
			containerPortal = 04CB325D2DDC845D008CD37D /* Project object */;
			proxyType = 1;
			remoteGlobalIDString = 04CB32642DDC845D008CD37D;
			remoteInfo = "Tachi Palace game";
		};
		04CB32892DDC8460008CD37D /* PBXContainerItemProxy */ = {
			isa = PBXContainerItemProxy;
			containerPortal = 04CB325D2DDC845D008CD37D /* Project object */;
			proxyType = 1;
			remoteGlobalIDString = 04CB32642DDC845D008CD37D;
			remoteInfo = "Tachi Palace game";
		};
/* End PBXContainerItemProxy section */

/* Begin PBXFileReference section */
		04CB32652DDC845D008CD37D /* Tachi Palace game.app */ = {isa = PBXFileReference; explicitFileType = wrapper.application; includeInIndex = 0; path = "Tachi Palace game.app"; sourceTree = BUILT_PRODUCTS_DIR; };
		04CB327E2DDC8460008CD37D /* Tachi Palace gameTests.xctest */ = {isa = PBXFileReference; explicitFileType = wrapper.cfbundle; includeInIndex = 0; path = "Tachi Palace gameTests.xctest"; sourceTree = BUILT_PRODUCTS_DIR; };
		04CB32882DDC8460008CD37D /* Tachi Palace gameUITests.xctest */ = {isa = PBXFileReference; explicitFileType = wrapper.cfbundle; includeInIndex = 0; path = "Tachi Palace gameUITests.xctest"; sourceTree = BUILT_PRODUCTS_DIR; };
/* End PBXFileReference section */

/* Begin PBXFileSystemSynchronizedRootGroup section */
		04CB32672DDC845D008CD37D /* Tachi Palace game */ = {
			isa = PBXFileSystemSynchronizedRootGroup;
			path = "Tachi Palace game";
			sourceTree = "<group>";
		};
		04CB32812DDC8460008CD37D /* Tachi Palace gameTests */ = {
			isa = PBXFileSystemSynchronizedRootGroup;
			path = "Tachi Palace gameTests";
			sourceTree = "<group>";
		};
		04CB328B2DDC8460008CD37D /* Tachi Palace gameUITests */ = {
			isa = PBXFileSystemSynchronizedRootGroup;
			path = "Tachi Palace gameUITests";
			sourceTree = "<group>";
		};
/* End PBXFileSystemSynchronizedRootGroup section */

/* Begin PBXFrameworksBuildPhase section */
		04CB32622DDC845D008CD37D /* Frameworks */ = {
			isa = PBXFrameworksBuildPhase;
			buildActionMask = 2147483647;
			files = (
			);
			runOnlyForDeploymentPostprocessing = 0;
		};
		04CB327B2DDC8460008CD37D /* Frameworks */ = {
			isa = PBXFrameworksBuildPhase;
			buildActionMask = 2147483647;
			files = (
			);
			runOnlyForDeploymentPostprocessing = 0;
		};
		04CB32852DDC8460008CD37D /* Frameworks */ = {
			isa = PBXFrameworksBuildPhase;
			buildActionMask = 2147483647;
			files = (
			);
			runOnlyForDeploymentPostprocessing = 0;
		};
/* End PBXFrameworksBuildPhase section */

/* Begin PBXGroup section */
		04CB325C2DDC845D008CD37D = {
			isa = PBXGroup;
			children = (
				04CB32672DDC845D008CD37D /* Tachi Palace game */,
				04CB32812DDC8460008CD37D /* Tachi Palace gameTests */,
				04CB328B2DDC8460008CD37D /* Tachi Palace gameUITests */,
				04CB32662DDC845D008CD37D /* Products */,
			);
			sourceTree = "<group>";
		};
		04CB32662DDC845D008CD37D /* Products */ = {
			isa = PBXGroup;
			children = (
				04CB32652DDC845D008CD37D /* Tachi Palace game.app */,
				04CB327E2DDC8460008CD37D /* Tachi Palace gameTests.xctest */,
				04CB32882DDC8460008CD37D /* Tachi Palace gameUITests.xctest */,
			);
			name = Products;
			sourceTree = "<group>";
		};
/* End PBXGroup section */

/* Begin PBXNativeTarget section */
		04CB32642DDC845D008CD37D /* Tachi Palace game */ = {
			isa = PBXNativeTarget;
			buildConfigurationList = 04CB32922DDC8460008CD37D /* Build configuration list for PBXNativeTarget "Tachi Palace game" */;
			buildPhases = (
				04CB32612DDC845D008CD37D /* Sources */,
				04CB32622DDC845D008CD37D /* Frameworks */,
				04CB32632DDC845D008CD37D /* Resources */,
			);
			buildRules = (
			);
			dependencies = (
			);
			fileSystemSynchronizedGroups = (
				04CB32672DDC845D008CD37D /* Tachi Palace game */,
			);
			name = "Tachi Palace game";
			packageProductDependencies = (
			);
			productName = "Tachi Palace game";
			productReference = 04CB32652DDC845D008CD37D /* Tachi Palace game.app */;
			productType = "com.apple.product-type.application";
		};
		04CB327D2DDC8460008CD37D /* Tachi Palace gameTests */ = {
			isa = PBXNativeTarget;
			buildConfigurationList = 04CB32952DDC8460008CD37D /* Build configuration list for PBXNativeTarget "Tachi Palace gameTests" */;
			buildPhases = (
				04CB327A2DDC8460008CD37D /* Sources */,
				04CB327B2DDC8460008CD37D /* Frameworks */,
				04CB327C2DDC8460008CD37D /* Resources */,
			);
			buildRules = (
			);
			dependencies = (
				04CB32802DDC8460008CD37D /* PBXTargetDependency */,
			);
			fileSystemSynchronizedGroups = (
				04CB32812DDC8460008CD37D /* Tachi Palace gameTests */,
			);
			name = "Tachi Palace gameTests";
			packageProductDependencies = (
			);
			productName = "Tachi Palace gameTests";
			productReference = 04CB327E2DDC8460008CD37D /* Tachi Palace gameTests.xctest */;
			productType = "com.apple.product-type.bundle.unit-test";
		};
		04CB32872DDC8460008CD37D /* Tachi Palace gameUITests */ = {
			isa = PBXNativeTarget;
			buildConfigurationList = 04CB32982DDC8460008CD37D /* Build configuration list for PBXNativeTarget "Tachi Palace gameUITests" */;
			buildPhases = (
				04CB32842DDC8460008CD37D /* Sources */,
				04CB32852DDC8460008CD37D /* Frameworks */,
				04CB32862DDC8460008CD37D /* Resources */,
			);
			buildRules = (
			);
			dependencies = (
				04CB328A2DDC8460008CD37D /* PBXTargetDependency */,
			);
			fileSystemSynchronizedGroups = (
				04CB328B2DDC8460008CD37D /* Tachi Palace gameUITests */,
			);
			name = "Tachi Palace gameUITests";
			packageProductDependencies = (
			);
			productName = "Tachi Palace gameUITests";
			productReference = 04CB32882DDC8460008CD37D /* Tachi Palace gameUITests.xctest */;
			productType = "com.apple.product-type.bundle.ui-testing";
		};
/* End PBXNativeTarget section */

/* Begin PBXProject section */
		04CB325D2DDC845D008CD37D /* Project object */ = {
			isa = PBXProject;
			attributes = {
				BuildIndependentTargetsInParallel = 1;
				LastSwiftUpdateCheck = 1620;
				LastUpgradeCheck = 1620;
				TargetAttributes = {
					04CB32642DDC845D008CD37D = {
						CreatedOnToolsVersion = 16.2;
					};
					04CB327D2DDC8460008CD37D = {
						CreatedOnToolsVersion = 16.2;
						TestTargetID = 04CB32642DDC845D008CD37D;
					};
					04CB32872DDC8460008CD37D = {
						CreatedOnToolsVersion = 16.2;
						TestTargetID = 04CB32642DDC845D008CD37D;
					};
				};
			};
			buildConfigurationList = 04CB32602DDC845D008CD37D /* Build configuration list for PBXProject "Tachi Palace game" */;
			developmentRegion = en;
			hasScannedForEncodings = 0;
			knownRegions = (
				en,
				Base,
			);
			mainGroup = 04CB325C2DDC845D008CD37D;
			minimizedProjectReferenceProxies = 1;
			preferredProjectObjectVersion = 77;
			productRefGroup = 04CB32662DDC845D008CD37D /* Products */;
			projectDirPath = "";
			projectRoot = "";
			targets = (
				04CB32642DDC845D008CD37D /* Tachi Palace game */,
				04CB327D2DDC8460008CD37D /* Tachi Palace gameTests */,
				04CB32872DDC8460008CD37D /* Tachi Palace gameUITests */,
			);
		};
/* End PBXProject section */

/* Begin PBXResourcesBuildPhase section */
		04CB32632DDC845D008CD37D /* Resources */ = {
			isa = PBXResourcesBuildPhase;
			buildActionMask = 2147483647;
			files = (
			);
			runOnlyForDeploymentPostprocessing = 0;
		};
		04CB327C2DDC8460008CD37D /* Resources */ = {
			isa = PBXResourcesBuildPhase;
			buildActionMask = 2147483647;
			files = (
			);
			runOnlyForDeploymentPostprocessing = 0;
		};
		04CB32862DDC8460008CD37D /* Resources */ = {
			isa = PBXResourcesBuildPhase;
			buildActionMask = 2147483647;
			files = (
			);
			runOnlyForDeploymentPostprocessing = 0;
		};
/* End PBXResourcesBuildPhase section */

/* Begin PBXSourcesBuildPhase section */
		04CB32612DDC845D008CD37D /* Sources */ = {
			isa = PBXSourcesBuildPhase;
			buildActionMask = 2147483647;
			files = (
			);
			runOnlyForDeploymentPostprocessing = 0;
		};
		04CB327A2DDC8460008CD37D /* Sources */ = {
			isa = PBXSourcesBuildPhase;
			buildActionMask = 2147483647;
			files = (
			);
			runOnlyForDeploymentPostprocessing = 0;
		};
		04CB32842DDC8460008CD37D /* Sources */ = {
			isa = PBXSourcesBuildPhase;
			buildActionMask = 2147483647;
			files = (
			);
			runOnlyForDeploymentPostprocessing = 0;
		};
/* End PBXSourcesBuildPhase section */

/* Begin PBXTargetDependency section */
		04CB32802DDC8460008CD37D /* PBXTargetDependency */ = {
			isa = PBXTargetDependency;
			target = 04CB32642DDC845D008CD37D /* Tachi Palace game */;
			targetProxy = 04CB327F2DDC8460008CD37D /* PBXContainerItemProxy */;
		};
		04CB328A2DDC8460008CD37D /* PBXTargetDependency */ = {
			isa = PBXTargetDependency;
			target = 04CB32642DDC845D008CD37D /* Tachi Palace game */;
			targetProxy = 04CB32892DDC8460008CD37D /* PBXContainerItemProxy */;
		};
/* End PBXTargetDependency section */

/* Begin XCBuildConfiguration section */
		04CB32902DDC8460008CD37D /* Debug */ = {
			isa = XCBuildConfiguration;
			buildSettings = {
				ALWAYS_SEARCH_USER_PATHS = NO;
				ASSETCATALOG_COMPILER_GENERATE_SWIFT_ASSET_SYMBOL_EXTENSIONS = YES;
				CLANG_ANALYZER_NONNULL = YES;
				CLANG_ANALYZER_NUMBER_OBJECT_CONVERSION = YES_AGGRESSIVE;
				CLANG_CXX_LANGUAGE_STANDARD = "gnu++20";
				CLANG_ENABLE_MODULES = YES;
				CLANG_ENABLE_OBJC_ARC = YES;
				CLANG_ENABLE_OBJC_WEAK = YES;
				CLANG_WARN_BLOCK_CAPTURE_AUTORELEASING = YES;
				CLANG_WARN_BOOL_CONVERSION = YES;
				CLANG_WARN_COMMA = YES;
				CLANG_WARN_CONSTANT_CONVERSION = YES;
				CLANG_WARN_DEPRECATED_OBJC_IMPLEMENTATIONS = YES;
				CLANG_WARN_DIRECT_OBJC_ISA_USAGE = YES_ERROR;
				CLANG_WARN_DOCUMENTATION_COMMENTS = YES;
				CLANG_WARN_EMPTY_BODY = YES;
				CLANG_WARN_ENUM_CONVERSION = YES;
				CLANG_WARN_INFINITE_RECURSION = YES;
				CLANG_WARN_INT_CONVERSION = YES;
				CLANG_WARN_NON_LITERAL_NULL_CONVERSION = YES;
				CLANG_WARN_OBJC_IMPLICIT_RETAIN_SELF = YES;
				CLANG_WARN_OBJC_LITERAL_CONVERSION = YES;
				CLANG_WARN_OBJC_ROOT_CLASS = YES_ERROR;
				CLANG_WARN_QUOTED_INCLUDE_IN_FRAMEWORK_HEADER = YES;
				CLANG_WARN_RANGE_LOOP_ANALYSIS = YES;
				CLANG_WARN_STRICT_PROTOTYPES = YES;
				CLANG_WARN_SUSPICIOUS_MOVE = YES;
				CLANG_WARN_UNGUARDED_AVAILABILITY = YES_AGGRESSIVE;
				CLANG_WARN_UNREACHABLE_CODE = YES;
				CLANG_WARN__DUPLICATE_METHOD_MATCH = YES;
				COPY_PHASE_STRIP = NO;
				DEBUG_INFORMATION_FORMAT = dwarf;
				ENABLE_STRICT_OBJC_MSGSEND = YES;
				ENABLE_TESTABILITY = YES;
				ENABLE_USER_SCRIPT_SANDBOXING = YES;
				GCC_C_LANGUAGE_STANDARD = gnu17;
				GCC_DYNAMIC_NO_PIC = NO;
				GCC_NO_COMMON_BLOCKS = YES;
				GCC_OPTIMIZATION_LEVEL = 0;
				GCC_PREPROCESSOR_DEFINITIONS = (
					"DEBUG=1",
					"$(inherited)",
				);
				GCC_WARN_64_TO_32_BIT_CONVERSION = YES;
				GCC_WARN_ABOUT_RETURN_TYPE = YES_ERROR;
				GCC_WARN_UNDECLARED_SELECTOR = YES;
				GCC_WARN_UNINITIALIZED_AUTOS = YES_AGGRESSIVE;
				GCC_WARN_UNUSED_FUNCTION = YES;
				GCC_WARN_UNUSED_VARIABLE = YES;
				IPHONEOS_DEPLOYMENT_TARGET = 18.2;
				LOCALIZATION_PREFERS_STRING_CATALOGS = YES;
				MTL_ENABLE_DEBUG_INFO = INCLUDE_SOURCE;
				MTL_FAST_MATH = YES;
				ONLY_ACTIVE_ARCH = YES;
				SDKROOT = iphoneos;
				SWIFT_ACTIVE_COMPILATION_CONDITIONS = "DEBUG $(inherited)";
				SWIFT_OPTIMIZATION_LEVEL = "-Onone";
			};
			name = Debug;
		};
		04CB32912DDC8460008CD37D /* Release */ = {
			isa = XCBuildConfiguration;
			buildSettings = {
				ALWAYS_SEARCH_USER_PATHS = NO;
				ASSETCATALOG_COMPILER_GENERATE_SWIFT_ASSET_SYMBOL_EXTENSIONS = YES;
				CLANG_ANALYZER_NONNULL = YES;
				CLANG_ANALYZER_NUMBER_OBJECT_CONVERSION = YES_AGGRESSIVE;
				CLANG_CXX_LANGUAGE_STANDARD = "gnu++20";
				CLANG_ENABLE_MODULES = YES;
				CLANG_ENABLE_OBJC_ARC = YES;
				CLANG_ENABLE_OBJC_WEAK = YES;
				CLANG_WARN_BLOCK_CAPTURE_AUTORELEASING = YES;
				CLANG_WARN_BOOL_CONVERSION = YES;
				CLANG_WARN_COMMA = YES;
				CLANG_WARN_CONSTANT_CONVERSION = YES;
				CLANG_WARN_DEPRECATED_OBJC_IMPLEMENTATIONS = YES;
				CLANG_WARN_DIRECT_OBJC_ISA_USAGE = YES_ERROR;
				CLANG_WARN_DOCUMENTATION_COMMENTS = YES;
				CLANG_WARN_EMPTY_BODY = YES;
				CLANG_WARN_ENUM_CONVERSION = YES;
				CLANG_WARN_INFINITE_RECURSION = YES;
				CLANG_WARN_INT_CONVERSION = YES;
				CLANG_WARN_NON_LITERAL_NULL_CONVERSION = YES;
				CLANG_WARN_OBJC_IMPLICIT_RETAIN_SELF = YES;
				CLANG_WARN_OBJC_LITERAL_CONVERSION = YES;
				CLANG_WARN_OBJC_ROOT_CLASS = YES_ERROR;
				CLANG_WARN_QUOTED_INCLUDE_IN_FRAMEWORK_HEADER = YES;
				CLANG_WARN_RANGE_LOOP_ANALYSIS = YES;
				CLANG_WARN_STRICT_PROTOTYPES = YES;
				CLANG_WARN_SUSPICIOUS_MOVE = YES;
				CLANG_WARN_UNGUARDED_AVAILABILITY = YES_AGGRESSIVE;
				CLANG_WARN_UNREACHABLE_CODE = YES;
				CLANG_WARN__DUPLICATE_METHOD_MATCH = YES;
				COPY_PHASE_STRIP = NO;
				DEBUG_INFORMATION_FORMAT = "dwarf-with-dsym";
				ENABLE_NS_ASSERTIONS = NO;
				ENABLE_STRICT_OBJC_MSGSEND = YES;
				ENABLE_USER_SCRIPT_SANDBOXING = YES;
				GCC_C_LANGUAGE_STANDARD = gnu17;
				GCC_NO_COMMON_BLOCKS = YES;
				GCC_WARN_64_TO_32_BIT_CONVERSION = YES;
				GCC_WARN_ABOUT_RETURN_TYPE = YES_ERROR;
				GCC_WARN_UNDECLARED_SELECTOR = YES;
				GCC_WARN_UNINITIALIZED_AUTOS = YES_AGGRESSIVE;
				GCC_WARN_UNUSED_FUNCTION = YES;
				GCC_WARN_UNUSED_VARIABLE = YES;
				IPHONEOS_DEPLOYMENT_TARGET = 18.2;
				LOCALIZATION_PREFERS_STRING_CATALOGS = YES;
				MTL_ENABLE_DEBUG_INFO = NO;
				MTL_FAST_MATH = YES;
				SDKROOT = iphoneos;
				SWIFT_COMPILATION_MODE = wholemodule;
				VALIDATE_PRODUCT = YES;
			};
			name = Release;
		};
		04CB32932DDC8460008CD37D /* Debug */ = {
			isa = XCBuildConfiguration;
			buildSettings = {
				ASSETCATALOG_COMPILER_APPICON_NAME = AppIcon;
				ASSETCATALOG_COMPILER_GLOBAL_ACCENT_COLOR_NAME = AccentColor;
				CODE_SIGN_STYLE = Automatic;
				CURRENT_PROJECT_VERSION = 1;
				DEVELOPMENT_TEAM = ZR4XR5VH35;
				GENERATE_INFOPLIST_FILE = YES;
				INFOPLIST_KEY_UIApplicationSupportsIndirectInputEvents = YES;
				INFOPLIST_KEY_UILaunchStoryboardName = LaunchScreen;
				INFOPLIST_KEY_UIMainStoryboardFile = Main;
				INFOPLIST_KEY_UIStatusBarHidden = YES;
				INFOPLIST_KEY_UISupportedInterfaceOrientations_iPad = "UIInterfaceOrientationPortrait UIInterfaceOrientationPortraitUpsideDown UIInterfaceOrientationLandscapeLeft UIInterfaceOrientationLandscapeRight";
				INFOPLIST_KEY_UISupportedInterfaceOrientations_iPhone = "UIInterfaceOrientationPortrait UIInterfaceOrientationLandscapeLeft UIInterfaceOrientationLandscapeRight";
				LD_RUNPATH_SEARCH_PATHS = (
					"$(inherited)",
					"@executable_path/Frameworks",
				);
				MARKETING_VERSION = 1.0;
				PRODUCT_BUNDLE_IDENTIFIER = "com.Tachi-Palace-game";
				PRODUCT_NAME = "$(TARGET_NAME)";
				SWIFT_EMIT_LOC_STRINGS = YES;
				SWIFT_VERSION = 5.0;
				TARGETED_DEVICE_FAMILY = "1,2";
			};
			name = Debug;
		};
		04CB32942DDC8460008CD37D /* Release */ = {
			isa = XCBuildConfiguration;
			buildSettings = {
				ASSETCATALOG_COMPILER_APPICON_NAME = AppIcon;
				ASSETCATALOG_COMPILER_GLOBAL_ACCENT_COLOR_NAME = AccentColor;
				CODE_SIGN_STYLE = Automatic;
				CURRENT_PROJECT_VERSION = 1;
				DEVELOPMENT_TEAM = ZR4XR5VH35;
				GENERATE_INFOPLIST_FILE = YES;
				INFOPLIST_KEY_UIApplicationSupportsIndirectInputEvents = YES;
				INFOPLIST_KEY_UILaunchStoryboardName = LaunchScreen;
				INFOPLIST_KEY_UIMainStoryboardFile = Main;
				INFOPLIST_KEY_UIStatusBarHidden = YES;
				INFOPLIST_KEY_UISupportedInterfaceOrientations_iPad = "UIInterfaceOrientationPortrait UIInterfaceOrientationPortraitUpsideDown UIInterfaceOrientationLandscapeLeft UIInterfaceOrientationLandscapeRight";
				INFOPLIST_KEY_UISupportedInterfaceOrientations_iPhone = "UIInterfaceOrientationPortrait UIInterfaceOrientationLandscapeLeft UIInterfaceOrientationLandscapeRight";
				LD_RUNPATH_SEARCH_PATHS = (
					"$(inherited)",
					"@executable_path/Frameworks",
				);
				MARKETING_VERSION = 1.0;
				PRODUCT_BUNDLE_IDENTIFIER = "com.Tachi-Palace-game";
				PRODUCT_NAME = "$(TARGET_NAME)";
				SWIFT_EMIT_LOC_STRINGS = YES;
				SWIFT_VERSION = 5.0;
				TARGETED_DEVICE_FAMILY = "1,2";
			};
			name = Release;
		};
		04CB32962DDC8460008CD37D /* Debug */ = {
			isa = XCBuildConfiguration;
			buildSettings = {
				BUNDLE_LOADER = "$(TEST_HOST)";
				CODE_SIGN_STYLE = Automatic;
				CURRENT_PROJECT_VERSION = 1;
				DEVELOPMENT_TEAM = ZR4XR5VH35;
				GENERATE_INFOPLIST_FILE = YES;
				IPHONEOS_DEPLOYMENT_TARGET = 18.2;
				MARKETING_VERSION = 1.0;
				PRODUCT_BUNDLE_IDENTIFIER = "com.Tachi-Palace-gameTests";
				PRODUCT_NAME = "$(TARGET_NAME)";
				SWIFT_EMIT_LOC_STRINGS = NO;
				SWIFT_VERSION = 5.0;
				TARGETED_DEVICE_FAMILY = "1,2";
				TEST_HOST = "$(BUILT_PRODUCTS_DIR)/Tachi Palace game.app/$(BUNDLE_EXECUTABLE_FOLDER_PATH)/Tachi Palace game";
			};
			name = Debug;
		};
		04CB32972DDC8460008CD37D /* Release */ = {
			isa = XCBuildConfiguration;
			buildSettings = {
				BUNDLE_LOADER = "$(TEST_HOST)";
				CODE_SIGN_STYLE = Automatic;
				CURRENT_PROJECT_VERSION = 1;
				DEVELOPMENT_TEAM = ZR4XR5VH35;
				GENERATE_INFOPLIST_FILE = YES;
				IPHONEOS_DEPLOYMENT_TARGET = 18.2;
				MARKETING_VERSION = 1.0;
				PRODUCT_BUNDLE_IDENTIFIER = "com.Tachi-Palace-gameTests";
				PRODUCT_NAME = "$(TARGET_NAME)";
				SWIFT_EMIT_LOC_STRINGS = NO;
				SWIFT_VERSION = 5.0;
				TARGETED_DEVICE_FAMILY = "1,2";
				TEST_HOST = "$(BUILT_PRODUCTS_DIR)/Tachi Palace game.app/$(BUNDLE_EXECUTABLE_FOLDER_PATH)/Tachi Palace game";
			};
			name = Release;
		};
		04CB32992DDC8460008CD37D /* Debug */ = {
			isa = XCBuildConfiguration;
			buildSettings = {
				CODE_SIGN_STYLE = Automatic;
				CURRENT_PROJECT_VERSION = 1;
				DEVELOPMENT_TEAM = ZR4XR5VH35;
				GENERATE_INFOPLIST_FILE = YES;
				MARKETING_VERSION = 1.0;
				PRODUCT_BUNDLE_IDENTIFIER = "com.Tachi-Palace-gameUITests";
				PRODUCT_NAME = "$(TARGET_NAME)";
				SWIFT_EMIT_LOC_STRINGS = NO;
				SWIFT_VERSION = 5.0;
				TARGETED_DEVICE_FAMILY = "1,2";
				TEST_TARGET_NAME = "Tachi Palace game";
			};
			name = Debug;
		};
		04CB329A2DDC8460008CD37D /* Release */ = {
			isa = XCBuildConfiguration;
			buildSettings = {
				CODE_SIGN_STYLE = Automatic;
				CURRENT_PROJECT_VERSION = 1;
				DEVELOPMENT_TEAM = ZR4XR5VH35;
				GENERATE_INFOPLIST_FILE = YES;
				MARKETING_VERSION = 1.0;
				PRODUCT_BUNDLE_IDENTIFIER = "com.Tachi-Palace-gameUITests";
				PRODUCT_NAME = "$(TARGET_NAME)";
				SWIFT_EMIT_LOC_STRINGS = NO;
				SWIFT_VERSION = 5.0;
				TARGETED_DEVICE_FAMILY = "1,2";
				TEST_TARGET_NAME = "Tachi Palace game";
			};
			name = Release;
		};
/* End XCBuildConfiguration section */

/* Begin XCConfigurationList section */
		04CB32602DDC845D008CD37D /* Build configuration list for PBXProject "Tachi Palace game" */ = {
			isa = XCConfigurationList;
			buildConfigurations = (
				04CB32902DDC8460008CD37D /* Debug */,
				04CB32912DDC8460008CD37D /* Release */,
			);
			defaultConfigurationIsVisible = 0;
			defaultConfigurationName = Release;
		};
		04CB32922DDC8460008CD37D /* Build configuration list for PBXNativeTarget "Tachi Palace game" */ = {
			isa = XCConfigurationList;
			buildConfigurations = (
				04CB32932DDC8460008CD37D /* Debug */,
				04CB32942DDC8460008CD37D /* Release */,
			);
			defaultConfigurationIsVisible = 0;
			defaultConfigurationName = Release;
		};
		04CB32952DDC8460008CD37D /* Build configuration list for PBXNativeTarget "Tachi Palace gameTests" */ = {
			isa = XCConfigurationList;
			buildConfigurations = (
				04CB32962DDC8460008CD37D /* Debug */,
				04CB32972DDC8460008CD37D /* Release */,
			);
			defaultConfigurationIsVisible = 0;
			defaultConfigurationName = Release;
		};
		04CB32982DDC8460008CD37D /* Build configuration list for PBXNativeTarget "Tachi Palace gameUITests" */ = {
			isa = XCConfigurationList;
			buildConfigurations = (
				04CB32992DDC8460008CD37D /* Debug */,
				04CB329A2DDC8460008CD37D /* Release */,
			);
			defaultConfigurationIsVisible = 0;
			defaultConfigurationName = Release;
		};
/* End XCConfigurationList section */
	};
	rootObject = 04CB325D2DDC845D008CD37D /* Project object */;
}
